
Microsoft Visual Studio Solution File, Format Version 12.00
# Visual Studio Version 16
VisualStudioVersion = 16.0.28803.452
MinimumVisualStudioVersion = 10.0.40219.1
Project("{FAE04EC0-301F-11D3-BF4B-00C04F79EFBC}") = "primerparcial", "primerparcial\primerparcial.csproj", "{381E83E0-3987-4690-825A-BE9F92EA5791}"
EndProject
Global
	GlobalSection(SolutionConfigurationPlatforms) = preSolution
		Debug|Any CPU = Debug|Any CPU
		Release|Any CPU = Release|Any CPU
	EndGlobalSection
	GlobalSection(ProjectConfigurationPlatforms) = postSolution
		{381E83E0-3987-4690-825A-BE9F92EA5791}.Debug|Any CPU.ActiveCfg = Debug|Any CPU
		{381E83E0-3987-4690-825A-BE9F92EA5791}.Debug|Any CPU.Build.0 = Debug|Any CPU
		{381E83E0-3987-4690-825A-BE9F92EA5791}.Release|Any CPU.ActiveCfg = Release|Any CPU
		{381E83E0-3987-4690-825A-BE9F92EA5791}.Release|Any CPU.Build.0 = Release|Any CPU
	EndGlobalSection
	GlobalSection(SolutionProperties) = preSolution
		HideSolutionNode = FALSE
	EndGlobalSection
	GlobalSection(ExtensibilityGlobals) = postSolution
		SolutionGuid = {3C1BE801-10B1-4C6F-8D17-150187D81C5A}
	EndGlobalSection
EndGlobal
